
Microsoft Visual Studio Solution File, Format Version 12.00
# Visual Studio Version 16
VisualStudioVersion = 16.0.31321.278
MinimumVisualStudioVersion = 10.0.40219.1
Project("{FAE04EC0-301F-11D3-BF4B-00C04F79EFBC}") = "TugasDuplikasi", "TugasDuplikasi\TugasDuplikasi.csproj", "{A6398465-3913-4D16-B331-1D4F8BB297BC}"
EndProject
Global
	GlobalSection(SolutionConfigurationPlatforms) = preSolution
		Debug|Any CPU = Debug|Any CPU
		Release|Any CPU = Release|Any CPU
	EndGlobalSection
	GlobalSection(ProjectConfigurationPlatforms) = postSolution
		{A6398465-3913-4D16-B331-1D4F8BB297BC}.Debug|Any CPU.ActiveCfg = Debug|Any CPU
		{A6398465-3913-4D16-B331-1D4F8BB297BC}.Debug|Any CPU.Build.0 = Debug|Any CPU
		{A6398465-3913-4D16-B331-1D4F8BB297BC}.Release|Any CPU.ActiveCfg = Release|Any CPU
		{A6398465-3913-4D16-B331-1D4F8BB297BC}.Release|Any CPU.Build.0 = Release|Any CPU
	EndGlobalSection
	GlobalSection(SolutionProperties) = preSolution
		HideSolutionNode = FALSE
	EndGlobalSection
	GlobalSection(ExtensibilityGlobals) = postSolution
		SolutionGuid = {549CD0D1-D679-4F46-B76F-EAC9CF4008BA}
	EndGlobalSection
EndGlobal
